Microsoft Visual Studio Solution File, Format Version 12.00
# Visual Studio Version 17
VisualStudioVersion = 17.5.2.0
MinimumVisualStudioVersion = 10.0.40219.1
Project("{FAE04EC0-301F-11D3-BF4B-00C04F79EFBC}") = "Sistema_Cuenta_Ahorros", "Sistema_Cuenta_Ahorros\Sistema_Cuenta_Ahorros.csproj", "{ABBEDA26-983E-2D39-41B4-166C6B87B9C7}"
EndProject
Global
	GlobalSection(SolutionConfigurationPlatforms) = preSolution
		Debug|Any CPU = Debug|Any CPU
		Release|Any CPU = Release|Any CPU
	EndGlobalSection
	GlobalSection(ProjectConfigurationPlatforms) = postSolution
		{ABBEDA26-983E-2D39-41B4-166C6B87B9C7}.Debug|Any CPU.ActiveCfg = Debug|Any CPU
		{ABBEDA26-983E-2D39-41B4-166C6B87B9C7}.Debug|Any CPU.Build.0 = Debug|Any CPU
		{ABBEDA26-983E-2D39-41B4-166C6B87B9C7}.Release|Any CPU.ActiveCfg = Release|Any CPU
		{ABBEDA26-983E-2D39-41B4-166C6B87B9C7}.Release|Any CPU.Build.0 = Release|Any CPU
	EndGlobalSection
	GlobalSection(SolutionProperties) = preSolution
		HideSolutionNode = FALSE
	EndGlobalSection
	GlobalSection(ExtensibilityGlobals) = postSolution
		SolutionGuid = {02089D1F-5E3C-4A6C-BE61-2990DD5B5F9E}
	EndGlobalSection
EndGlobal
